// !$*UTF8*$!
{
	archiveVersion = 1;
	classes = {
	};
	objectVersion = 51;
	objects = {

/* Begin PBXBuildFile section */
		05C5C9B5FDF019DFA0CF910E /* Pods_DummyApp.framework in Frameworks */ = {isa = PBXBuildFile; fileRef = 84F5B039581DEC53608B301E /* Pods_DummyApp.framework */; };
		52B8032924DB104F00FEE617 /* ViewController.swift in Sources */ = {isa = PBXBuildFile; fileRef = 52B8032824DB104F00FEE617 /* ViewController.swift */; };
		DE27214424DB088D004AB71C /* AppDelegate.swift in Sources */ = {isa = PBXBuildFile; fileRef = DE27214324DB088D004AB71C /* AppDelegate.swift */; };
		DE27214624DB088D004AB71C /* SceneDelegate.swift in Sources */ = {isa = PBXBuildFile; fileRef = DE27214524DB088D004AB71C /* SceneDelegate.swift */; };
		DE27214B24DB088D004AB71C /* Main.storyboard in Resources */ = {isa = PBXBuildFile; fileRef = DE27214924DB088D004AB71C /* Main.storyboard */; };
		DE27214D24DB088E004AB71C /* Assets.xcassets in Resources */ = {isa = PBXBuildFile; fileRef = DE27214C24DB088E004AB71C /* Assets.xcassets */; };
		DE27215024DB088E004AB71C /* LaunchScreen.storyboard in Resources */ = {isa = PBXBuildFile; fileRef = DE27214E24DB088E004AB71C /* LaunchScreen.storyboard */; };
/* End PBXBuildFile section */

/* Begin PBXFileReference section */
		52B8032824DB104F00FEE617 /* ViewController.swift */ = {isa = PBXFileReference; lastKnownFileType = sourcecode.swift; path = ViewController.swift; sourceTree = "<group>"; };
		84F5B039581DEC53608B301E /* Pods_DummyApp.framework */ = {isa = PBXFileReference; explicitFileType = wrapper.framework; includeInIndex = 0; path = Pods_DummyApp.framework; sourceTree = BUILT_PRODUCTS_DIR; };
		B5ACF94FDBE5378DB7F0256C /* Pods-DummyApp.debug.xcconfig */ = {isa = PBXFileReference; includeInIndex = 1; lastKnownFileType = text.xcconfig; name = "Pods-DummyApp.debug.xcconfig"; path = "Target Support Files/Pods-DummyApp/Pods-DummyApp.debug.xcconfig"; sourceTree = "<group>"; };
		C3C8D21BB722263504AF8ADF /* Pods-DummyApp.release.xcconfig */ = {isa = PBXFileReference; includeInIndex = 1; lastKnownFileType = text.xcconfig; name = "Pods-DummyApp.release.xcconfig"; path = "Target Support Files/Pods-DummyApp/Pods-DummyApp.release.xcconfig"; sourceTree = "<group>"; };
		DE27214024DB088D004AB71C /* DummyApp.app */ = {isa = PBXFileReference; explicitFileType = wrapper.application; includeInIndex = 0; path = DummyApp.app; sourceTree = BUILT_PRODUCTS_DIR; };
		DE27214324DB088D004AB71C /* AppDelegate.swift */ = {isa = PBXFileReference; lastKnownFileType = sourcecode.swift; path = AppDelegate.swift; sourceTree = "<group>"; };
		DE27214524DB088D004AB71C /* SceneDelegate.swift */ = {isa = PBXFileReference; lastKnownFileType = sourcecode.swift; path = SceneDelegate.swift; sourceTree = "<group>"; };
		DE27214A24DB088D004AB71C /* Base */ = {isa = PBXFileReference; lastKnownFileType = file.storyboard; name = Base; path = Base.lproj/Main.storyboard; sourceTree = "<group>"; };
		DE27214C24DB088E004AB71C /* Assets.xcassets */ = {isa = PBXFileReference; lastKnownFileType = folder.assetcatalog; path = Assets.xcassets; sourceTree = "<group>"; };
		DE27214F24DB088E004AB71C /* Base */ = {isa = PBXFileReference; lastKnownFileType = file.storyboard; name = Base; path = Base.lproj/LaunchScreen.storyboard; sourceTree = "<group>"; };
		DE27215124DB088E004AB71C /* Info.plist */ = {isa = PBXFileReference; lastKnownFileType = text.plist.xml; path = Info.plist; sourceTree = "<group>"; };
/* End PBXFileReference section */

/* Begin PBXFrameworksBuildPhase section */
		DE27213D24DB088D004AB71C /* Frameworks */ = {
			isa = PBXFrameworksBuildPhase;
			buildActionMask = 2147483647;
			files = (
				05C5C9B5FDF019DFA0CF910E /* Pods_DummyApp.framework in Frameworks */,
			);
			runOnlyForDeploymentPostprocessing = 0;
		};
/* End PBXFrameworksBuildPhase section */

/* Begin PBXGroup section */
		52B8032724DB101800FEE617 /* Controller */ = {
			isa = PBXGroup;
			children = (
				52B8032824DB104F00FEE617 /* ViewController.swift */,
			);
			path = Controller;
			sourceTree = "<group>";
		};
		AD9E0AFF0415C0A9EB550686 /* Pods */ = {
			isa = PBXGroup;
			children = (
				B5ACF94FDBE5378DB7F0256C /* Pods-DummyApp.debug.xcconfig */,
				C3C8D21BB722263504AF8ADF /* Pods-DummyApp.release.xcconfig */,
			);
			path = Pods;
			sourceTree = "<group>";
		};
		DE27213724DB088D004AB71C = {
			isa = PBXGroup;
			children = (
				DE27214224DB088D004AB71C /* DummyApp */,
				DE27214124DB088D004AB71C /* Products */,
				AD9E0AFF0415C0A9EB550686 /* Pods */,
				EA95E3FE6529BC3251D35B26 /* Frameworks */,
			);
			sourceTree = "<group>";
		};
		DE27214124DB088D004AB71C /* Products */ = {
			isa = PBXGroup;
			children = (
				DE27214024DB088D004AB71C /* DummyApp.app */,
			);
			name = Products;
			sourceTree = "<group>";
		};
		DE27214224DB088D004AB71C /* DummyApp */ = {
			isa = PBXGroup;
			children = (
				52B8032724DB101800FEE617 /* Controller */,
				DE27215824DB08BC004AB71C /* Views */,
				DE27215724DB089E004AB71C /* Resources */,
			);
			path = DummyApp;
			sourceTree = "<group>";
		};
		DE27215724DB089E004AB71C /* Resources */ = {
			isa = PBXGroup;
			children = (
				DE27214324DB088D004AB71C /* AppDelegate.swift */,
				DE27214524DB088D004AB71C /* SceneDelegate.swift */,
				DE27214C24DB088E004AB71C /* Assets.xcassets */,
				DE27214E24DB088E004AB71C /* LaunchScreen.storyboard */,
				DE27215124DB088E004AB71C /* Info.plist */,
			);
			path = Resources;
			sourceTree = "<group>";
		};
		DE27215824DB08BC004AB71C /* Views */ = {
			isa = PBXGroup;
			children = (
				DE27214924DB088D004AB71C /* Main.storyboard */,
			);
			path = Views;
			sourceTree = "<group>";
		};
		EA95E3FE6529BC3251D35B26 /* Frameworks */ = {
			isa = PBXGroup;
			children = (
				84F5B039581DEC53608B301E /* Pods_DummyApp.framework */,
			);
			name = Frameworks;
			sourceTree = "<group>";
		};
/* End PBXGroup section */

/* Begin PBXNativeTarget section */
		DE27213F24DB088D004AB71C /* DummyApp */ = {
			isa = PBXNativeTarget;
			buildConfigurationList = DE27215424DB088E004AB71C /* Build configuration list for PBXNativeTarget "DummyApp" */;
			buildPhases = (
				FF18CB8933017E9F051808B3 /* [CP] Check Pods Manifest.lock */,
				DE27213C24DB088D004AB71C /* Sources */,
				DE27213D24DB088D004AB71C /* Frameworks */,
				DE27213E24DB088D004AB71C /* Resources */,
				419950CF9199888884832DA0 /* [CP] Embed Pods Frameworks */,
				1E80C7DCAC3E88F82C2E2583 /* [CP] Copy Pods Resources */,
			);
			buildRules = (
			);
			dependencies = (
			);
			name = DummyApp;
			productName = DummyApp;
			productReference = DE27214024DB088D004AB71C /* DummyApp.app */;
			productType = "com.apple.product-type.application";
		};
/* End PBXNativeTarget section */

/* Begin PBXProject section */
		DE27213824DB088D004AB71C /* Project object */ = {
			isa = PBXProject;
			attributes = {
				LastSwiftUpdateCheck = 1160;
				LastUpgradeCheck = 1160;
				ORGANIZATIONNAME = "Connor Holland";
				TargetAttributes = {
					DE27213F24DB088D004AB71C = {
						CreatedOnToolsVersion = 11.6;
					};
				};
			};
			buildConfigurationList = DE27213B24DB088D004AB71C /* Build configuration list for PBXProject "DummyApp" */;
			compatibilityVersion = "Xcode 9.3";
			developmentRegion = en;
			hasScannedForEncodings = 0;
			knownRegions = (
				en,
				Base,
			);
			mainGroup = DE27213724DB088D004AB71C;
			productRefGroup = DE27214124DB088D004AB71C /* Products */;
			projectDirPath = "";
			projectRoot = "";
			targets = (
				DE27213F24DB088D004AB71C /* DummyApp */,
			);
		};
/* End PBXProject section */

/* Begin PBXResourcesBuildPhase section */
		DE27213E24DB088D004AB71C /* Resources */ = {
			isa = PBXResourcesBuildPhase;
			buildActionMask = 2147483647;
			files = (
				DE27215024DB088E004AB71C /* LaunchScreen.storyboard in Resources */,
				DE27214D24DB088E004AB71C /* Assets.xcassets in Resources */,
				DE27214B24DB088D004AB71C /* Main.storyboard in Resources */,
			);
			runOnlyForDeploymentPostprocessing = 0;
		};
/* End PBXResourcesBuildPhase section */

/* Begin PBXShellScriptBuildPhase section */
		1E80C7DCAC3E88F82C2E2583 /* [CP] Copy Pods Resources */ = {
			isa = PBXShellScriptBuildPhase;
			buildActionMask = 2147483647;
			files = (
			);
			inputFileListPaths = (
				"${PODS_ROOT}/Target Support Files/Pods-DummyApp/Pods-DummyApp-resources-${CONFIGURATION}-input-files.xcfilelist",
			);
			name = "[CP] Copy Pods Resources";
			outputFileListPaths = (
				"${PODS_ROOT}/Target Support Files/Pods-DummyApp/Pods-DummyApp-resources-${CONFIGURATION}-output-files.xcfilelist",
			);
			runOnlyForDeploymentPostprocessing = 0;
			shellPath = /bin/sh;
			shellScript = "\"${PODS_ROOT}/Target Support Files/Pods-DummyApp/Pods-DummyApp-resources.sh\"\n";
			showEnvVarsInLog = 0;
		};
		419950CF9199888884832DA0 /* [CP] Embed Pods Frameworks */ = {
			isa = PBXShellScriptBuildPhase;
			buildActionMask = 2147483647;
			files = (
			);
			inputFileListPaths = (
				"${PODS_ROOT}/Target Support Files/Pods-DummyApp/Pods-DummyApp-frameworks-${CONFIGURATION}-input-files.xcfilelist",
			);
			name = "[CP] Embed Pods Frameworks";
			outputFileListPaths = (
				"${PODS_ROOT}/Target Support Files/Pods-DummyApp/Pods-DummyApp-frameworks-${CONFIGURATION}-output-files.xcfilelist",
			);
			runOnlyForDeploymentPostprocessing = 0;
			shellPath = /bin/sh;
			shellScript = "\"${PODS_ROOT}/Target Support Files/Pods-DummyApp/Pods-DummyApp-frameworks.sh\"\n";
			showEnvVarsInLog = 0;
		};
		FF18CB8933017E9F051808B3 /* [CP] Check Pods Manifest.lock */ = {
			isa = PBXShellScriptBuildPhase;
			buildActionMask = 2147483647;
			files = (
			);
			inputFileListPaths = (
			);
			inputPaths = (
				"${PODS_PODFILE_DIR_PATH}/Podfile.lock",
				"${PODS_ROOT}/Manifest.lock",
			);
			name = "[CP] Check Pods Manifest.lock";
			outputFileListPaths = (
			);
			outputPaths = (
				"$(DERIVED_FILE_DIR)/Pods-DummyApp-checkManifestLockResult.txt",
			);
			runOnlyForDeploymentPostprocessing = 0;
			shellPath = /bin/sh;
			shellScript = "diff \"${PODS_PODFILE_DIR_PATH}/Podfile.lock\" \"${PODS_ROOT}/Manifest.lock\" > /dev/null\nif [ $? != 0 ] ; then\n    # print error to STDERR\n    echo \"error: The sandbox is not in sync with the Podfile.lock. Run 'pod install' or update your CocoaPods installation.\" >&2\n    exit 1\nfi\n# This output is used by Xcode 'outputs' to avoid re-running this script phase.\necho \"SUCCESS\" > \"${SCRIPT_OUTPUT_FILE_0}\"\n";
			showEnvVarsInLog = 0;
		};
/* End PBXShellScriptBuildPhase section */

/* Begin PBXSourcesBuildPhase section */
		DE27213C24DB088D004AB71C /* Sources */ = {
			isa = PBXSourcesBuildPhase;
			buildActionMask = 2147483647;
			files = (
				52B8032924DB104F00FEE617 /* ViewController.swift in Sources */,
				DE27214424DB088D004AB71C /* AppDelegate.swift in Sources */,
				DE27214624DB088D004AB71C /* SceneDelegate.swift in Sources */,
			);
			runOnlyForDeploymentPostprocessing = 0;
		};
/* End PBXSourcesBuildPhase section */

/* Begin PBXVariantGroup section */
		DE27214924DB088D004AB71C /* Main.storyboard */ = {
			isa = PBXVariantGroup;
			children = (
				DE27214A24DB088D004AB71C /* Base */,
			);
			name = Main.storyboard;
			sourceTree = "<group>";
		};
		DE27214E24DB088E004AB71C /* LaunchScreen.storyboard */ = {
			isa = PBXVariantGroup;
			children = (
				DE27214F24DB088E004AB71C /* Base */,
			);
			name = LaunchScreen.storyboard;
			sourceTree = "<group>";
		};
/* End PBXVariantGroup section */

/* Begin XCBuildConfiguration section */
		DE27215224DB088E004AB71C /* Debug */ = {
			isa = XCBuildConfiguration;
			buildSettings = {
				ALWAYS_SEARCH_USER_PATHS = NO;
				CLANG_ANALYZER_NONNULL = YES;
				CLANG_ANALYZER_NUMBER_OBJECT_CONVERSION = YES_AGGRESSIVE;
				CLANG_CXX_LANGUAGE_STANDARD = "gnu++14";
				CLANG_CXX_LIBRARY = "libc++";
				CLANG_ENABLE_MODULES = YES;
				CLANG_ENABLE_OBJC_ARC = YES;
				CLANG_ENABLE_OBJC_WEAK = YES;
				CLANG_WARN_BLOCK_CAPTURE_AUTORELEASING = YES;
				CLANG_WARN_BOOL_CONVERSION = YES;
				CLANG_WARN_COMMA = YES;
				CLANG_WARN_CONSTANT_CONVERSION = YES;
				CLANG_WARN_DEPRECATED_OBJC_IMPLEMENTATIONS = YES;
				CLANG_WARN_DIRECT_OBJC_ISA_USAGE = YES_ERROR;
				CLANG_WARN_DOCUMENTATION_COMMENTS = YES;
				CLANG_WARN_EMPTY_BODY = YES;
				CLANG_WARN_ENUM_CONVERSION = YES;
				CLANG_WARN_INFINITE_RECURSION = YES;
				CLANG_WARN_INT_CONVERSION = YES;
				CLANG_WARN_NON_LITERAL_NULL_CONVERSION = YES;
				CLANG_WARN_OBJC_IMPLICIT_RETAIN_SELF = YES;
				CLANG_WARN_OBJC_LITERAL_CONVERSION = YES;
				CLANG_WARN_OBJC_ROOT_CLASS = YES_ERROR;
				CLANG_WARN_RANGE_LOOP_ANALYSIS = YES;
				CLANG_WARN_STRICT_PROTOTYPES = YES;
				CLANG_WARN_SUSPICIOUS_MOVE = YES;
				CLANG_WARN_UNGUARDED_AVAILABILITY = YES_AGGRESSIVE;
				CLANG_WARN_UNREACHABLE_CODE = YES;
				CLANG_WARN__DUPLICATE_METHOD_MATCH = YES;
				COPY_PHASE_STRIP = NO;
				DEBUG_INFORMATION_FORMAT = dwarf;
				ENABLE_STRICT_OBJC_MSGSEND = YES;
				ENABLE_TESTABILITY = YES;
				GCC_C_LANGUAGE_STANDARD = gnu11;
				GCC_DYNAMIC_NO_PIC = NO;
				GCC_NO_COMMON_BLOCKS = YES;
				GCC_OPTIMIZATION_LEVEL = 0;
				GCC_PREPROCESSOR_DEFINITIONS = (
					"DEBUG=1",
					"$(inherited)",
				);
				GCC_WARN_64_TO_32_BIT_CONVERSION = YES;
				GCC_WARN_ABOUT_RETURN_TYPE = YES_ERROR;
				GCC_WARN_UNDECLARED_SELECTOR = YES;
				GCC_WARN_UNINITIALIZED_AUTOS = YES_AGGRESSIVE;
				GCC_WARN_UNUSED_FUNCTION = YES;
				GCC_WARN_UNUSED_VARIABLE = YES;
				IPHONEOS_DEPLOYMENT_TARGET = 13.6;
				MTL_ENABLE_DEBUG_INFO = INCLUDE_SOURCE;
				MTL_FAST_MATH = YES;
				ONLY_ACTIVE_ARCH = YES;
				SDKROOT = iphoneos;
				SWIFT_ACTIVE_COMPILATION_CONDITIONS = DEBUG;
				SWIFT_OPTIMIZATION_LEVEL = "-Onone";
			};
			name = Debug;
		};
		DE27215324DB088E004AB71C /* Release */ = {
			isa = XCBuildConfiguration;
			buildSettings = {
				ALWAYS_SEARCH_USER_PATHS = NO;
				CLANG_ANALYZER_NONNULL = YES;
				CLANG_ANALYZER_NUMBER_OBJECT_CONVERSION = YES_AGGRESSIVE;
				CLANG_CXX_LANGUAGE_STANDARD = "gnu++14";
				CLANG_CXX_LIBRARY = "libc++";
				CLANG_ENABLE_MODULES = YES;
				CLANG_ENABLE_OBJC_ARC = YES;
				CLANG_ENABLE_OBJC_WEAK = YES;
				CLANG_WARN_BLOCK_CAPTURE_AUTORELEASING = YES;
				CLANG_WARN_BOOL_CONVERSION = YES;
				CLANG_WARN_COMMA = YES;
				CLANG_WARN_CONSTANT_CONVERSION = YES;
				CLANG_WARN_DEPRECATED_OBJC_IMPLEMENTATIONS = YES;
				CLANG_WARN_DIRECT_OBJC_ISA_USAGE = YES_ERROR;
				CLANG_WARN_DOCUMENTATION_COMMENTS = YES;
				CLANG_WARN_EMPTY_BODY = YES;
				CLANG_WARN_ENUM_CONVERSION = YES;
				CLANG_WARN_INFINITE_RECURSION = YES;
				CLANG_WARN_INT_CONVERSION = YES;
				CLANG_WARN_NON_LITERAL_NULL_CONVERSION = YES;
				CLANG_WARN_OBJC_IMPLICIT_RETAIN_SELF = YES;
				CLANG_WARN_OBJC_LITERAL_CONVERSION = YES;
				CLANG_WARN_OBJC_ROOT_CLASS = YES_ERROR;
				CLANG_WARN_RANGE_LOOP_ANALYSIS = YES;
				CLANG_WARN_STRICT_PROTOTYPES = YES;
				CLANG_WARN_SUSPICIOUS_MOVE = YES;
				CLANG_WARN_UNGUARDED_AVAILABILITY = YES_AGGRESSIVE;
				CLANG_WARN_UNREACHABLE_CODE = YES;
				CLANG_WARN__DUPLICATE_METHOD_MATCH = YES;
				COPY_PHASE_STRIP = NO;
				DEBUG_INFORMATION_FORMAT = "dwarf-with-dsym";
				ENABLE_NS_ASSERTIONS = NO;
				ENABLE_STRICT_OBJC_MSGSEND = YES;
				GCC_C_LANGUAGE_STANDARD = gnu11;
				GCC_NO_COMMON_BLOCKS = YES;
				GCC_WARN_64_TO_32_BIT_CONVERSION = YES;
				GCC_WARN_ABOUT_RETURN_TYPE = YES_ERROR;
				GCC_WARN_UNDECLARED_SELECTOR = YES;
				GCC_WARN_UNINITIALIZED_AUTOS = YES_AGGRESSIVE;
				GCC_WARN_UNUSED_FUNCTION = YES;
				GCC_WARN_UNUSED_VARIABLE = YES;
				IPHONEOS_DEPLOYMENT_TARGET = 13.6;
				MTL_ENABLE_DEBUG_INFO = NO;
				MTL_FAST_MATH = YES;
				SDKROOT = iphoneos;
				SWIFT_COMPILATION_MODE = wholemodule;
				SWIFT_OPTIMIZATION_LEVEL = "-O";
				VALIDATE_PRODUCT = YES;
			};
			name = Release;
		};
		DE27215524DB088E004AB71C /* Debug */ = {
			isa = XCBuildConfiguration;
			baseConfigurationReference = B5ACF94FDBE5378DB7F0256C /* Pods-DummyApp.debug.xcconfig */;
			buildSettings = {
				ASSETCATALOG_COMPILER_APPICON_NAME = AppIcon;
				CODE_SIGN_STYLE = Automatic;
				DEVELOPMENT_TEAM = 9P92JGZ383;
				INFOPLIST_FILE = DummyApp/Resources/Info.plist;
				IPHONEOS_DEPLOYMENT_TARGET = 13.5;
				LD_RUNPATH_SEARCH_PATHS = (
					"$(inherited)",
					"@executable_path/Frameworks",
				);
				PRODUCT_BUNDLE_IDENTIFIER = com.connorholland.DummyApp;
				PRODUCT_NAME = "$(TARGET_NAME)";
				SWIFT_VERSION = 5.0;
				TARGETED_DEVICE_FAMILY = "1,2";
			};
			name = Debug;
		};
		DE27215624DB088E004AB71C /* Release */ = {
			isa = XCBuildConfiguration;
			baseConfigurationReference = C3C8D21BB722263504AF8ADF /* Pods-DummyApp.release.xcconfig */;
			buildSettings = {
				ASSETCATALOG_COMPILER_APPICON_NAME = AppIcon;
				CODE_SIGN_STYLE = Automatic;
				DEVELOPMENT_TEAM = 9P92JGZ383;
				INFOPLIST_FILE = DummyApp/Resources/Info.plist;
				IPHONEOS_DEPLOYMENT_TARGET = 13.5;
				LD_RUNPATH_SEARCH_PATHS = (
					"$(inherited)",
					"@executable_path/Frameworks",
				);
				PRODUCT_BUNDLE_IDENTIFIER = com.connorholland.DummyApp;
				PRODUCT_NAME = "$(TARGET_NAME)";
				SWIFT_VERSION = 5.0;
				TARGETED_DEVICE_FAMILY = "1,2";
			};
			name = Release;
		};
/* End XCBuildConfiguration section */

/* Begin XCConfigurationList section */
		DE27213B24DB088D004AB71C /* Build configuration list for PBXProject "DummyApp" */ = {
			isa = XCConfigurationList;
			buildConfigurations = (
				DE27215224DB088E004AB71C /* Debug */,
				DE27215324DB088E004AB71C /* Release */,
			);
			defaultConfigurationIsVisible = 0;
			defaultConfigurationName = Release;
		};
		DE27215424DB088E004AB71C /* Build configuration list for PBXNativeTarget "DummyApp" */ = {
			isa = XCConfigurationList;
			buildConfigurations = (
				DE27215524DB088E004AB71C /* Debug */,
				DE27215624DB088E004AB71C /* Release */,
			);
			defaultConfigurationIsVisible = 0;
			defaultConfigurationName = Release;
		};
/* End XCConfigurationList section */
	};
	rootObject = DE27213824DB088D004AB71C /* Project object */;
}
